
Microsoft Visual Studio Solution File, Format Version 12.00
# Visual Studio Version 16
VisualStudioVersion = 16.0.32126.315
MinimumVisualStudioVersion = 10.0.40219.1
Project("{FAE04EC0-301F-11D3-BF4B-00C04F79EFBC}") = "MVCileCVSitesi", "MVCileCVSitesi\MVCileCVSitesi.csproj", "{636E3E19-FAA3-4782-A801-7884E7989A83}"
EndProject
Global
	GlobalSection(SolutionConfigurationPlatforms) = preSolution
		Debug|Any CPU = Debug|Any CPU
		Release|Any CPU = Release|Any CPU
	EndGlobalSection
	GlobalSection(ProjectConfigurationPlatforms) = postSolution
		{636E3E19-FAA3-4782-A801-7884E7989A83}.Debug|Any CPU.ActiveCfg = Debug|Any CPU
		{636E3E19-FAA3-4782-A801-7884E7989A83}.Debug|Any CPU.Build.0 = Debug|Any CPU
		{636E3E19-FAA3-4782-A801-7884E7989A83}.Release|Any CPU.ActiveCfg = Release|Any CPU
		{636E3E19-FAA3-4782-A801-7884E7989A83}.Release|Any CPU.Build.0 = Release|Any CPU
	EndGlobalSection
	GlobalSection(SolutionProperties) = preSolution
		HideSolutionNode = FALSE
	EndGlobalSection
	GlobalSection(ExtensibilityGlobals) = postSolution
		SolutionGuid = {2BBFA9E7-F7DA-4756-A225-C35BCF072E7A}
	EndGlobalSection
EndGlobal
